PODS:
  - Firebase/Auth (5.0.1):
    - Firebase/CoreOnly
    - FirebaseAuth (= 5.0.0)
  - Firebase/CoreOnly (5.0.1):
    - FirebaseCore (= 5.0.1)
  - Firebase/Database (5.0.1):
    - Firebase/CoreOnly
    - FirebaseDatabase (= 5.0.0)
  - Firebase/Storage (5.0.1):
    - Firebase/CoreOnly
    - FirebaseStorage (= 3.0.0)
  - FirebaseAuth (5.0.0):
    - FirebaseCore (~> 5.0)
    - GTMSessionFetcher/Core (~> 1.1)
  - FirebaseCore (5.0.1):
    - "GoogleToolboxForMac/NSData+zlib (~> 2.1)"
  - FirebaseDatabase (5.0.0):
    - FirebaseCore (~> 5.0)
    - leveldb-library (~> 1.18)
  - FirebaseStorage (3.0.0):
    - FirebaseCore (~> 5.0)
    - GTMSessionFetcher/Core (~> 1.1)
  - GoogleToolboxForMac/Defines (2.1.4)
  - "GoogleToolboxForMac/NSData+zlib (2.1.4)":
    - GoogleToolboxForMac/Defines (= 2.1.4)
  - GTMSessionFetcher/Core (1.1.15)
  - leveldb-library (1.20)
  - MessageKit (1.0.0-beta.1)

DEPENDENCIES:
  - Firebase/Auth
  - Firebase/Database
  - Firebase/Storage
  - MessageKit (from `https://github.com/MessageKit/MessageKit`)

SPEC REPOS:
  https://github.com/cocoapods/specs.git:
    - Firebase
    - FirebaseAuth
    - FirebaseCore
    - FirebaseDatabase
    - FirebaseStorage
    - GoogleToolboxForMac
    - GTMSessionFetcher
    - leveldb-library

EXTERNAL SOURCES:
  MessageKit:
    :git: https://github.com/MessageKit/MessageKit

CHECKOUT OPTIONS:
  MessageKit:
    :commit: 45c0b78ac1ced3e19c837572f994a0d2eaf2b00b
    :git: https://github.com/MessageKit/MessageKit

SPEC CHECKSUMS:
  Firebase: d6861c2059d8c32d1e6dd8932e22ada346d90a3a
  FirebaseAuth: acbeef02fe7c3a26624e309849f3fe30c84115af
  FirebaseCore: cafc814b2d84fc8733f09e653041cc2165332ad7
  FirebaseDatabase: 697eb53e5b4fe7cd4fa8756c1f82a9fca011345f
  FirebaseStorage: 7ca4bb7b58a25fa647b04f524033fc7cb7eb272b
  GoogleToolboxForMac: 91c824d21e85b31c2aae9bb011c5027c9b4e738f
  GTMSessionFetcher: 5fa5b80fd20e439ef5f545fb2cb3ca6c6714caa2
  leveldb-library: 08cba283675b7ed2d99629a4bc5fd052cd2bb6a5
  MessageKit: 6f1313d60e480e4b09641582c65f3e36825a5bf4

PODFILE CHECKSUM: 7f2f88352debf4acf783217dbed0822319353a2c

COCOAPODS: 1.5.3
